
Microsoft Visual Studio Solution File, Format Version 12.00
# Visual Studio 15
VisualStudioVersion = 15.0.28307.779
MinimumVisualStudioVersion = 10.0.40219.1
Project("{FAE04EC0-301F-11D3-BF4B-00C04F79EFBC}") = "Simple Calculator", "Simple Calculator\Simple Calculator.csproj", "{84548314-8E5C-49C6-A6A3-994548D5A081}"
EndProject
Global
	GlobalSection(SolutionConfigurationPlatforms) = preSolution
		Debug|ARM = Debug|ARM
		Debug|ARM64 = Debug|ARM64
		Debug|x64 = Debug|x64
		Debug|x86 = Debug|x86
		Release|ARM = Release|ARM
		Release|ARM64 = Release|ARM64
		Release|x64 = Release|x64
		Release|x86 = Release|x86
	EndGlobalSection
	GlobalSection(ProjectConfigurationPlatforms) = postSolution
		{84548314-8E5C-49C6-A6A3-994548D5A081}.Debug|ARM.ActiveCfg = Debug|ARM
		{84548314-8E5C-49C6-A6A3-994548D5A081}.Debug|ARM.Build.0 = Debug|ARM
		{84548314-8E5C-49C6-A6A3-994548D5A081}.Debug|ARM.Deploy.0 = Debug|ARM
		{84548314-8E5C-49C6-A6A3-994548D5A081}.Debug|ARM64.ActiveCfg = Debug|ARM64
		{84548314-8E5C-49C6-A6A3-994548D5A081}.Debug|ARM64.Build.0 = Debug|ARM64
		{84548314-8E5C-49C6-A6A3-994548D5A081}.Debug|ARM64.Deploy.0 = Debug|ARM64
		{84548314-8E5C-49C6-A6A3-994548D5A081}.Debug|x64.ActiveCfg = Debug|x64
		{84548314-8E5C-49C6-A6A3-994548D5A081}.Debug|x64.Build.0 = Debug|x64
		{84548314-8E5C-49C6-A6A3-994548D5A081}.Debug|x64.Deploy.0 = Debug|x64
		{84548314-8E5C-49C6-A6A3-994548D5A081}.Debug|x86.ActiveCfg = Debug|x86
		{84548314-8E5C-49C6-A6A3-994548D5A081}.Debug|x86.Build.0 = Debug|x86
		{84548314-8E5C-49C6-A6A3-994548D5A081}.Debug|x86.Deploy.0 = Debug|x86
		{84548314-8E5C-49C6-A6A3-994548D5A081}.Release|ARM.ActiveCfg = Release|ARM
		{84548314-8E5C-49C6-A6A3-994548D5A081}.Release|ARM.Build.0 = Release|ARM
		{84548314-8E5C-49C6-A6A3-994548D5A081}.Release|ARM.Deploy.0 = Release|ARM
		{84548314-8E5C-49C6-A6A3-994548D5A081}.Release|ARM64.ActiveCfg = Release|ARM64
		{84548314-8E5C-49C6-A6A3-994548D5A081}.Release|ARM64.Build.0 = Release|ARM64
		{84548314-8E5C-49C6-A6A3-994548D5A081}.Release|ARM64.Deploy.0 = Release|ARM64
		{84548314-8E5C-49C6-A6A3-994548D5A081}.Release|x64.ActiveCfg = Release|x64
		{84548314-8E5C-49C6-A6A3-994548D5A081}.Release|x64.Build.0 = Release|x64
		{84548314-8E5C-49C6-A6A3-994548D5A081}.Release|x64.Deploy.0 = Release|x64
		{84548314-8E5C-49C6-A6A3-994548D5A081}.Release|x86.ActiveCfg = Release|x86
		{84548314-8E5C-49C6-A6A3-994548D5A081}.Release|x86.Build.0 = Release|x86
		{84548314-8E5C-49C6-A6A3-994548D5A081}.Release|x86.Deploy.0 = Release|x86
	EndGlobalSection
	GlobalSection(SolutionProperties) = preSolution
		HideSolutionNode = FALSE
	EndGlobalSection
	GlobalSection(ExtensibilityGlobals) = postSolution
		SolutionGuid = {DC583459-78DC-4803-9555-02888E2B8359}
	EndGlobalSection
EndGlobal
